
Microsoft Visual Studio Solution File, Format Version 12.00
# Visual Studio Version 17
VisualStudioVersion = 17.0.31903.59
MinimumVisualStudioVersion = 10.0.40219.1
Project("{FAE04EC0-301F-11D3-BF4B-00C04F79EFBC}") = "Sqloom.Core", "Sqloom.Core\Sqloom.Core.csproj", "{2CB00B98-E29B-4689-A861-5B9C70741BE2}"
EndProject
Project("{FAE04EC0-301F-11D3-BF4B-00C04F79EFBC}") = "Sqloom.QueryStore", "Sqloom.QueryStore\Sqloom.QueryStore.csproj", "{43842864-DFAE-48BC-9184-CCE0588AB86E}"
EndProject
Project("{FAE04EC0-301F-11D3-BF4B-00C04F79EFBC}") = "Sqloom.AzureSql", "Sqloom.AzureSql\Sqloom.AzureSql.csproj", "{9156335E-4F63-4FCD-B09F-4F4EAC3425DB}"
EndProject
Project("{FAE04EC0-301F-11D3-BF4B-00C04F79EFBC}") = "Sqloom.AspNetCore", "Sqloom.AspNetCore\Sqloom.AspNetCore.csproj", "{206E4A92-73EE-4FFD-B088-66639262D473}"
EndProject
Project("{FAE04EC0-301F-11D3-BF4B-00C04F79EFBC}") = "Sqloom.Host", "Sqloom.Host\Sqloom.Host.csproj", "{4D5DE649-8E70-4D94-A896-715F5AD3A747}"
EndProject
Project("{FAE04EC0-301F-11D3-BF4B-00C04F79EFBC}") = "Sqloom.UnitTests", "tests\Sqloom.UnitTests\Sqloom.UnitTests.csproj", "{09BC61E8-4BF0-4B00-8470-335820FF6978}"
EndProject
Project("{FAE04EC0-301F-11D3-BF4B-00C04F79EFBC}") = "Sqloom.IntegrationTests", "tests\Sqloom.IntegrationTests\Sqloom.IntegrationTests.csproj", "{721B6D5A-E916-42AE-B98B-5B4AF952F5FB}"
EndProject
Project("{FAE04EC0-301F-11D3-BF4B-00C04F79EFBC}") = "Sqloom.TestApp", "Sqloom.TestApp\Sqloom.TestApp.csproj", "{2EB25A9F-65CF-4BD1-A408-440A0833CC03}"
EndProject
Project("{FAE04EC0-301F-11D3-BF4B-00C04F79EFBC}") = "Sqloom.TestApp.IntegrationTests", "Sqloom.TestApp.IntegrationTests\Sqloom.TestApp.IntegrationTests.csproj", "{958891DF-BFC8-4000-9D83-3554FAB9B957}"
EndProject
Global
	GlobalSection(SolutionConfigurationPlatforms) = preSolution
		Debug|Any CPU = Debug|Any CPU
		Debug|x64 = Debug|x64
		Debug|x86 = Debug|x86
		Release|Any CPU = Release|Any CPU
		Release|x64 = Release|x64
		Release|x86 = Release|x86
	EndGlobalSection
	GlobalSection(ProjectConfigurationPlatforms) = postSolution
		{2CB00B98-E29B-4689-A861-5B9C70741BE2}.Debug|Any CPU.ActiveCfg = Debug|Any CPU
		{2CB00B98-E29B-4689-A861-5B9C70741BE2}.Debug|Any CPU.Build.0 = Debug|Any CPU
		{2CB00B98-E29B-4689-A861-5B9C70741BE2}.Debug|x64.ActiveCfg = Debug|Any CPU
		{2CB00B98-E29B-4689-A861-5B9C70741BE2}.Debug|x64.Build.0 = Debug|Any CPU
		{2CB00B98-E29B-4689-A861-5B9C70741BE2}.Debug|x86.ActiveCfg = Debug|Any CPU
		{2CB00B98-E29B-4689-A861-5B9C70741BE2}.Debug|x86.Build.0 = Debug|Any CPU
		{2CB00B98-E29B-4689-A861-5B9C70741BE2}.Release|Any CPU.ActiveCfg = Release|Any CPU
		{2CB00B98-E29B-4689-A861-5B9C70741BE2}.Release|Any CPU.Build.0 = Release|Any CPU
		{2CB00B98-E29B-4689-A861-5B9C70741BE2}.Release|x64.ActiveCfg = Release|Any CPU
		{2CB00B98-E29B-4689-A861-5B9C70741BE2}.Release|x64.Build.0 = Release|Any CPU
		{2CB00B98-E29B-4689-A861-5B9C70741BE2}.Release|x86.ActiveCfg = Release|Any CPU
		{2CB00B98-E29B-4689-A861-5B9C70741BE2}.Release|x86.Build.0 = Release|Any CPU
		{43842864-DFAE-48BC-9184-CCE0588AB86E}.Debug|Any CPU.ActiveCfg = Debug|Any CPU
		{43842864-DFAE-48BC-9184-CCE0588AB86E}.Debug|Any CPU.Build.0 = Debug|Any CPU
		{43842864-DFAE-48BC-9184-CCE0588AB86E}.Debug|x64.ActiveCfg = Debug|Any CPU
		{43842864-DFAE-48BC-9184-CCE0588AB86E}.Debug|x64.Build.0 = Debug|Any CPU
		{43842864-DFAE-48BC-9184-CCE0588AB86E}.Debug|x86.ActiveCfg = Debug|Any CPU
		{43842864-DFAE-48BC-9184-CCE0588AB86E}.Debug|x86.Build.0 = Debug|Any CPU
		{43842864-DFAE-48BC-9184-CCE0588AB86E}.Release|Any CPU.ActiveCfg = Release|Any CPU
		{43842864-DFAE-48BC-9184-CCE0588AB86E}.Release|Any CPU.Build.0 = Release|Any CPU
		{43842864-DFAE-48BC-9184-CCE0588AB86E}.Release|x64.ActiveCfg = Release|Any CPU
		{43842864-DFAE-48BC-9184-CCE0588AB86E}.Release|x64.Build.0 = Release|Any CPU
		{43842864-DFAE-48BC-9184-CCE0588AB86E}.Release|x86.ActiveCfg = Release|Any CPU
		{43842864-DFAE-48BC-9184-CCE0588AB86E}.Release|x86.Build.0 = Release|Any CPU
		{9156335E-4F63-4FCD-B09F-4F4EAC3425DB}.Debug|Any CPU.ActiveCfg = Debug|Any CPU
		{9156335E-4F63-4FCD-B09F-4F4EAC3425DB}.Debug|Any CPU.Build.0 = Debug|Any CPU
		{9156335E-4F63-4FCD-B09F-4F4EAC3425DB}.Debug|x64.ActiveCfg = Debug|Any CPU
		{9156335E-4F63-4FCD-B09F-4F4EAC3425DB}.Debug|x64.Build.0 = Debug|Any CPU
		{9156335E-4F63-4FCD-B09F-4F4EAC3425DB}.Debug|x86.ActiveCfg = Debug|Any CPU
		{9156335E-4F63-4FCD-B09F-4F4EAC3425DB}.Debug|x86.Build.0 = Debug|Any CPU
		{9156335E-4F63-4FCD-B09F-4F4EAC3425DB}.Release|Any CPU.ActiveCfg = Release|Any CPU
		{9156335E-4F63-4FCD-B09F-4F4EAC3425DB}.Release|Any CPU.Build.0 = Release|Any CPU
		{9156335E-4F63-4FCD-B09F-4F4EAC3425DB}.Release|x64.ActiveCfg = Release|Any CPU
		{9156335E-4F63-4FCD-B09F-4F4EAC3425DB}.Release|x64.Build.0 = Release|Any CPU
		{9156335E-4F63-4FCD-B09F-4F4EAC3425DB}.Release|x86.ActiveCfg = Release|Any CPU
		{9156335E-4F63-4FCD-B09F-4F4EAC3425DB}.Release|x86.Build.0 = Release|Any CPU
		{206E4A92-73EE-4FFD-B088-66639262D473}.Debug|Any CPU.ActiveCfg = Debug|Any CPU
		{206E4A92-73EE-4FFD-B088-66639262D473}.Debug|Any CPU.Build.0 = Debug|Any CPU
		{206E4A92-73EE-4FFD-B088-66639262D473}.Debug|x64.ActiveCfg = Debug|Any CPU
		{206E4A92-73EE-4FFD-B088-66639262D473}.Debug|x64.Build.0 = Debug|Any CPU
		{206E4A92-73EE-4FFD-B088-66639262D473}.Debug|x86.ActiveCfg = Debug|Any CPU
		{206E4A92-73EE-4FFD-B088-66639262D473}.Debug|x86.Build.0 = Debug|Any CPU
		{206E4A92-73EE-4FFD-B088-66639262D473}.Release|Any CPU.ActiveCfg = Release|Any CPU
		{206E4A92-73EE-4FFD-B088-66639262D473}.Release|Any CPU.Build.0 = Release|Any CPU
		{206E4A92-73EE-4FFD-B088-66639262D473}.Release|x64.ActiveCfg = Release|Any CPU
		{206E4A92-73EE-4FFD-B088-66639262D473}.Release|x64.Build.0 = Release|Any CPU
		{206E4A92-73EE-4FFD-B088-66639262D473}.Release|x86.ActiveCfg = Release|Any CPU
		{206E4A92-73EE-4FFD-B088-66639262D473}.Release|x86.Build.0 = Release|Any CPU
		{4D5DE649-8E70-4D94-A896-715F5AD3A747}.Debug|Any CPU.ActiveCfg = Debug|Any CPU
		{4D5DE649-8E70-4D94-A896-715F5AD3A747}.Debug|Any CPU.Build.0 = Debug|Any CPU
		{4D5DE649-8E70-4D94-A896-715F5AD3A747}.Debug|x64.ActiveCfg = Debug|Any CPU
		{4D5DE649-8E70-4D94-A896-715F5AD3A747}.Debug|x64.Build.0 = Debug|Any CPU
		{4D5DE649-8E70-4D94-A896-715F5AD3A747}.Debug|x86.ActiveCfg = Debug|Any CPU
		{4D5DE649-8E70-4D94-A896-715F5AD3A747}.Debug|x86.Build.0 = Debug|Any CPU
		{4D5DE649-8E70-4D94-A896-715F5AD3A747}.Release|Any CPU.ActiveCfg = Release|Any CPU
		{4D5DE649-8E70-4D94-A896-715F5AD3A747}.Release|Any CPU.Build.0 = Release|Any CPU
		{4D5DE649-8E70-4D94-A896-715F5AD3A747}.Release|x64.ActiveCfg = Release|Any CPU
		{4D5DE649-8E70-4D94-A896-715F5AD3A747}.Release|x64.Build.0 = Release|Any CPU
		{4D5DE649-8E70-4D94-A896-715F5AD3A747}.Release|x86.ActiveCfg = Release|Any CPU
		{4D5DE649-8E70-4D94-A896-715F5AD3A747}.Release|x86.Build.0 = Release|Any CPU
		{09BC61E8-4BF0-4B00-8470-335820FF6978}.Debug|Any CPU.ActiveCfg = Debug|Any CPU
		{09BC61E8-4BF0-4B00-8470-335820FF6978}.Debug|Any CPU.Build.0 = Debug|Any CPU
		{09BC61E8-4BF0-4B00-8470-335820FF6978}.Debug|x64.ActiveCfg = Debug|Any CPU
		{09BC61E8-4BF0-4B00-8470-335820FF6978}.Debug|x64.Build.0 = Debug|Any CPU
		{09BC61E8-4BF0-4B00-8470-335820FF6978}.Debug|x86.ActiveCfg = Debug|Any CPU
		{09BC61E8-4BF0-4B00-8470-335820FF6978}.Debug|x86.Build.0 = Debug|Any CPU
		{09BC61E8-4BF0-4B00-8470-335820FF6978}.Release|Any CPU.ActiveCfg = Release|Any CPU
		{09BC61E8-4BF0-4B00-8470-335820FF6978}.Release|Any CPU.Build.0 = Release|Any CPU
		{09BC61E8-4BF0-4B00-8470-335820FF6978}.Release|x64.ActiveCfg = Release|Any CPU
		{09BC61E8-4BF0-4B00-8470-335820FF6978}.Release|x64.Build.0 = Release|Any CPU
		{09BC61E8-4BF0-4B00-8470-335820FF6978}.Release|x86.ActiveCfg = Release|Any CPU
		{09BC61E8-4BF0-4B00-8470-335820FF6978}.Release|x86.Build.0 = Release|Any CPU
		{721B6D5A-E916-42AE-B98B-5B4AF952F5FB}.Debug|Any CPU.ActiveCfg = Debug|Any CPU
		{721B6D5A-E916-42AE-B98B-5B4AF952F5FB}.Debug|Any CPU.Build.0 = Debug|Any CPU
		{721B6D5A-E916-42AE-B98B-5B4AF952F5FB}.Debug|x64.ActiveCfg = Debug|Any CPU
		{721B6D5A-E916-42AE-B98B-5B4AF952F5FB}.Debug|x64.Build.0 = Debug|Any CPU
		{721B6D5A-E916-42AE-B98B-5B4AF952F5FB}.Debug|x86.ActiveCfg = Debug|Any CPU
		{721B6D5A-E916-42AE-B98B-5B4AF952F5FB}.Debug|x86.Build.0 = Debug|Any CPU
		{721B6D5A-E916-42AE-B98B-5B4AF952F5FB}.Release|Any CPU.ActiveCfg = Release|Any CPU
		{721B6D5A-E916-42AE-B98B-5B4AF952F5FB}.Release|Any CPU.Build.0 = Release|Any CPU
		{721B6D5A-E916-42AE-B98B-5B4AF952F5FB}.Release|x64.ActiveCfg = Release|Any CPU
		{721B6D5A-E916-42AE-B98B-5B4AF952F5FB}.Release|x64.Build.0 = Release|Any CPU
		{721B6D5A-E916-42AE-B98B-5B4AF952F5FB}.Release|x86.ActiveCfg = Release|Any CPU
		{721B6D5A-E916-42AE-B98B-5B4AF952F5FB}.Release|x86.Build.0 = Release|Any CPU
		{2EB25A9F-65CF-4BD1-A408-440A0833CC03}.Debug|Any CPU.ActiveCfg = Debug|Any CPU
		{2EB25A9F-65CF-4BD1-A408-440A0833CC03}.Debug|Any CPU.Build.0 = Debug|Any CPU
		{2EB25A9F-65CF-4BD1-A408-440A0833CC03}.Debug|x64.ActiveCfg = Debug|Any CPU
		{2EB25A9F-65CF-4BD1-A408-440A0833CC03}.Debug|x64.Build.0 = Debug|Any CPU
		{2EB25A9F-65CF-4BD1-A408-440A0833CC03}.Debug|x86.ActiveCfg = Debug|Any CPU
		{2EB25A9F-65CF-4BD1-A408-440A0833CC03}.Debug|x86.Build.0 = Debug|Any CPU
		{2EB25A9F-65CF-4BD1-A408-440A0833CC03}.Release|Any CPU.ActiveCfg = Release|Any CPU
		{2EB25A9F-65CF-4BD1-A408-440A0833CC03}.Release|Any CPU.Build.0 = Release|Any CPU
		{2EB25A9F-65CF-4BD1-A408-440A0833CC03}.Release|x64.ActiveCfg = Release|Any CPU
		{2EB25A9F-65CF-4BD1-A408-440A0833CC03}.Release|x64.Build.0 = Release|Any CPU
		{2EB25A9F-65CF-4BD1-A408-440A0833CC03}.Release|x86.ActiveCfg = Release|Any CPU
		{2EB25A9F-65CF-4BD1-A408-440A0833CC03}.Release|x86.Build.0 = Release|Any CPU
		{958891DF-BFC8-4000-9D83-3554FAB9B957}.Debug|Any CPU.ActiveCfg = Debug|Any CPU
		{958891DF-BFC8-4000-9D83-3554FAB9B957}.Debug|Any CPU.Build.0 = Debug|Any CPU
		{958891DF-BFC8-4000-9D83-3554FAB9B957}.Debug|x64.ActiveCfg = Debug|Any CPU
		{958891DF-BFC8-4000-9D83-3554FAB9B957}.Debug|x64.Build.0 = Debug|Any CPU
		{958891DF-BFC8-4000-9D83-3554FAB9B957}.Debug|x86.ActiveCfg = Debug|Any CPU
		{958891DF-BFC8-4000-9D83-3554FAB9B957}.Debug|x86.Build.0 = Debug|Any CPU
		{958891DF-BFC8-4000-9D83-3554FAB9B957}.Release|Any CPU.ActiveCfg = Release|Any CPU
		{958891DF-BFC8-4000-9D83-3554FAB9B957}.Release|Any CPU.Build.0 = Release|Any CPU
		{958891DF-BFC8-4000-9D83-3554FAB9B957}.Release|x64.ActiveCfg = Release|Any CPU
		{958891DF-BFC8-4000-9D83-3554FAB9B957}.Release|x64.Build.0 = Release|Any CPU
		{958891DF-BFC8-4000-9D83-3554FAB9B957}.Release|x86.ActiveCfg = Release|Any CPU
		{958891DF-BFC8-4000-9D83-3554FAB9B957}.Release|x86.Build.0 = Release|Any CPU
	EndGlobalSection
	GlobalSection(SolutionProperties) = preSolution
		HideSolutionNode = FALSE
	EndGlobalSection
EndGlobal
